
Microsoft Visual Studio Solution File, Format Version 12.00
# Visual Studio Version 17
VisualStudioVersion = 17.11.35222.181
MinimumVisualStudioVersion = 10.0.40219.1
Project("{FAE04EC0-301F-11D3-BF4B-00C04F79EFBC}") = "Console", "Console\Console.csproj", "{601B0745-430F-4718-92CB-2A052383E239}"
EndProject
Project("{FAE04EC0-301F-11D3-BF4B-00C04F79EFBC}") = "ModelLogic", "ModelLogic\ModelLogic.csproj", "{F7F7D687-A21B-4F18-A454-4640A18304D6}"
EndProject
Project("{FAE04EC0-301F-11D3-BF4B-00C04F79EFBC}") = "WForms", "WForms\WForms.csproj", "{D06B895A-A08E-4586-A7CF-A460790ADA3E}"
EndProject
Global
	GlobalSection(SolutionConfigurationPlatforms) = preSolution
		Debug|Any CPU = Debug|Any CPU
		Release|Any CPU = Release|Any CPU
	EndGlobalSection
	GlobalSection(ProjectConfigurationPlatforms) = postSolution
		{601B0745-430F-4718-92CB-2A052383E239}.Debug|Any CPU.ActiveCfg = Debug|Any CPU
		{601B0745-430F-4718-92CB-2A052383E239}.Debug|Any CPU.Build.0 = Debug|Any CPU
		{601B0745-430F-4718-92CB-2A052383E239}.Release|Any CPU.ActiveCfg = Release|Any CPU
		{601B0745-430F-4718-92CB-2A052383E239}.Release|Any CPU.Build.0 = Release|Any CPU
		{F7F7D687-A21B-4F18-A454-4640A18304D6}.Debug|Any CPU.ActiveCfg = Debug|Any CPU
		{F7F7D687-A21B-4F18-A454-4640A18304D6}.Debug|Any CPU.Build.0 = Debug|Any CPU
		{F7F7D687-A21B-4F18-A454-4640A18304D6}.Release|Any CPU.ActiveCfg = Release|Any CPU
		{F7F7D687-A21B-4F18-A454-4640A18304D6}.Release|Any CPU.Build.0 = Release|Any CPU
		{D06B895A-A08E-4586-A7CF-A460790ADA3E}.Debug|Any CPU.ActiveCfg = Debug|Any CPU
		{D06B895A-A08E-4586-A7CF-A460790ADA3E}.Debug|Any CPU.Build.0 = Debug|Any CPU
		{D06B895A-A08E-4586-A7CF-A460790ADA3E}.Release|Any CPU.ActiveCfg = Release|Any CPU
		{D06B895A-A08E-4586-A7CF-A460790ADA3E}.Release|Any CPU.Build.0 = Release|Any CPU
	EndGlobalSection
	GlobalSection(SolutionProperties) = preSolution
		HideSolutionNode = FALSE
	EndGlobalSection
	GlobalSection(ExtensibilityGlobals) = postSolution
		SolutionGuid = {0AD99419-6E30-442D-9DB8-99D5B6A862BE}
	EndGlobalSection
EndGlobal
